{
  "nodes": {
    "dry-wit": {
      "inputs": {
        "flake-utils": [
          "flake-utils"
        ],
        "nixos": [
          "nixos"
        ]
      },
      "locked": {
        "dir": "nix",
        "lastModified": 1731841804,
        "narHash": "sha256-C3bFvNZCvpJELbCOLCkeh3k/ucliyZZDOXSVesGgYXc=",
        "owner": "rydnr",
        "repo": "dry-wit",
        "rev": "3ab5beab84dcb4eafad5537271ac872c88139bbc",
        "type": "github"
      },
      "original": {
        "dir": "nix",
        "owner": "rydnr",
        "ref": "3.0.23",
        "repo": "dry-wit",
        "type": "github"
      }
    },
    "flake-utils": {
      "locked": {
        "lastModified": 1652776076,
        "narHash": "sha256-gzTw/v1vj4dOVbpBSJX4J0DwUR6LIyXo7/SuuTJp1kM=",
        "owner": "numtide",
        "repo": "flake-utils",
        "rev": "04c1b180862888302ddfb2e3ad9eaa63afc60cf8",
        "type": "github"
      },
      "original": {
        "owner": "numtide",
        "ref": "v1.0.0",
        "repo": "flake-utils",
        "type": "github"
      }
    },
    "nixos": {
      "locked": {
        "lastModified": 1717179513,
        "narHash": "sha256-vboIEwIQojofItm2xGCdZCzW96U85l9nDW3ifMuAIdM=",
        "owner": "NixOS",
        "repo": "nixpkgs",
        "rev": "63dacb46bf939521bdc93981b4cbb7ecb58427a0",
        "type": "github"
      },
      "original": {
        "owner": "NixOS",
        "ref": "24.05",
        "repo": "nixpkgs",
        "type": "github"
      }
    },
    "pythoneda-shared-pythonlang-banner": {
      "inputs": {
        "flake-utils": [
          "flake-utils"
        ],
        "nixos": [
          "nixos"
        ]
      },
      "locked": {
        "lastModified": 1731668408,
        "narHash": "sha256-oCzYR2e8hCD9nvjbg1rKHyfZf6t/n75fPYwSiZPZG94=",
        "owner": "pythoneda-shared-pythonlang-def",
        "repo": "banner",
        "rev": "a68e4aebbe346d7514ae23d9bd743626854a46ac",
        "type": "github"
      },
      "original": {
        "owner": "pythoneda-shared-pythonlang-def",
        "ref": "0.0.61",
        "repo": "banner",
        "type": "github"
      }
    },
    "root": {
      "inputs": {
        "dry-wit": "dry-wit",
        "flake-utils": "flake-utils",
        "nixos": "nixos",
        "pythoneda-shared-pythonlang-banner": "pythoneda-shared-pythonlang-banner"
      }
    }
  },
  "root": "root",
  "version": 7
}
