{
  "nodes": {
    "dry-wit": {
      "inputs": {
        "flake-utils": [
          "flake-utils"
        ],
        "nixos": [
          "nixos"
        ]
      },
      "locked": {
        "dir": "nix",
        "lastModified": 1702566787,
        "narHash": "sha256-1I6VdtD0REUxmtrjlmL9K2lBLxzKMrTPdhHeo6+xYog=",
        "owner": "rydnr",
        "repo": "dry-wit",
        "rev": "d26c4b6b88bcb912f1e8a9f32c009edf2221345c",
        "type": "github"
      },
      "original": {
        "dir": "nix",
        "owner": "rydnr",
        "ref": "3.0.9",
        "repo": "dry-wit",
        "type": "github"
      }
    },
    "flake-utils": {
      "locked": {
        "lastModified": 1652776076,
        "narHash": "sha256-gzTw/v1vj4dOVbpBSJX4J0DwUR6LIyXo7/SuuTJp1kM=",
        "owner": "numtide",
        "repo": "flake-utils",
        "rev": "04c1b180862888302ddfb2e3ad9eaa63afc60cf8",
        "type": "github"
      },
      "original": {
        "owner": "numtide",
        "ref": "v1.0.0",
        "repo": "flake-utils",
        "type": "github"
      }
    },
    "nixos": {
      "locked": {
        "lastModified": 1702346276,
        "narHash": "sha256-eAQgwIWApFQ40ipeOjVSoK4TEHVd6nbSd9fApiHIw5A=",
        "owner": "NixOS",
        "repo": "nixpkgs",
        "rev": "cf28ee258fd5f9a52de6b9865cdb93a1f96d09b7",
        "type": "github"
      },
      "original": {
        "owner": "NixOS",
        "ref": "nixos-23.11",
        "repo": "nixpkgs",
        "type": "github"
      }
    },
    "pythoneda-shared-pythoneda-banner": {
      "inputs": {
        "flake-utils": [
          "flake-utils"
        ],
        "nixos": [
          "nixos"
        ]
      },
      "locked": {
        "lastModified": 1702405836,
        "narHash": "sha256-CtOJHg95ZVeUGIFa4dWONdyb1HZoNQ+X/TR307NbnQI=",
        "owner": "pythoneda-shared-pythoneda-def",
        "repo": "banner",
        "rev": "d391e0941b4f45dd96810239a703ab593b02e818",
        "type": "github"
      },
      "original": {
        "owner": "pythoneda-shared-pythoneda-def",
        "ref": "0.0.37",
        "repo": "banner",
        "type": "github"
      }
    },
    "root": {
      "inputs": {
        "dry-wit": "dry-wit",
        "flake-utils": "flake-utils",
        "nixos": "nixos",
        "pythoneda-shared-pythoneda-banner": "pythoneda-shared-pythoneda-banner"
      }
    }
  },
  "root": "root",
  "version": 7
}
